<?xml version="1.0" encoding="utf-8"?>
<Project ToolsVersion="4.0" xmlns="http://schemas.microsoft.com/developer/msbuild/2003">
  <ItemGroup>
    <Filter Include="Source Files">
      <UniqueIdentifier>{4FC737F1-C7A5-4376-A066-2A32D752A2FF}</UniqueIdentifier>
      <Extensions>cpp;c;cc;cxx;def;odl;idl;hpj;bat;asm;asmx</Extensions>
    </Filter>
    <Filter Include="Header Files">
      <UniqueIdentifier>{93995380-89BD-4b04-88EB-625FBE52EBFB}</UniqueIdentifier>
      <Extensions>h;hh;hpp;hxx;hm;inl;inc;ipp;xsd</Extensions>
    </Filter>
    <Filter Include="Resource Files">
      <UniqueIdentifier>{67DA6AB6-F800-4c08-8B7A-83BB121AAD01}</UniqueIdentifier>
      <Extensions>rc;ico;cur;bmp;dlg;rc2;rct;bin;rgs;gif;jpg;jpeg;jpe;resx;tiff;tif;png;wav;mfcribbon-ms</Extensions>
    </Filter>
    <Filter Include="Header Files\misc">
      <UniqueIdentifier>{fcf09009-61c8-42a9-8a2b-466c18c7a299}</UniqueIdentifier>
    </Filter>
    <Filter Include="Header Files\string">
      <UniqueIdentifier>{fcf09009-63c8-49a9-8a2b-466c18c7a299}</UniqueIdentifier>
    </Filter>
    <Filter Include="Header Files\array">
      <UniqueIdentifier>{e744585e-fc21-47d6-9ca0-7d28ea39ef4f}</UniqueIdentifier>
    </Filter>
    <Filter Include="Header Files\design">
      <UniqueIdentifier>{d13b6c5f-a1f0-480d-a09d-ed0686876f25}</UniqueIdentifier>
    </Filter>
    <Filter Include="Header Files\sorting">
      <UniqueIdentifier>{22b09ff7-4264-4d85-ab05-2d58462b2dee}</UniqueIdentifier>
    </Filter>
    <Filter Include="Header Files\tree">
      <UniqueIdentifier>{48c490e5-68ab-4a78-a69c-ccac1289089f}</UniqueIdentifier>
    </Filter>
    <Filter Include="Header Files\maths">
      <UniqueIdentifier>{29161cd3-0b9e-4cd4-aba7-dc836cf9a7c1}</UniqueIdentifier>
    </Filter>
    <Filter Include="Header Files\graph">
      <UniqueIdentifier>{cb96eea8-d96e-4b6b-a2de-2881261ac099}</UniqueIdentifier>
    </Filter>
    <Filter Include="Header Files\tree">
      <UniqueIdentifier>{22161cd3-0b9e-4cd4-aba7-dc836cf9a7c1}</UniqueIdentifier>
    </Filter>
    <Filter Include="Header Files\orderstatistics">
      <UniqueIdentifier>{cb96eea8-d16e-4b6b-a2de-2881261ac099}</UniqueIdentifier>
    </Filter>
    <Filter Include="Header Files\bits">
      <UniqueIdentifier>{cb96eea8-d16e-4b6b-a2dc-2881261ac099}</UniqueIdentifier>
    </Filter>
    <Filter Include="Header Files\dynamic">
      <UniqueIdentifier>{cb96eca8-d16e-4b6b-a2dc-2881261ac099}</UniqueIdentifier>
    </Filter>
    <Filter Include="Header Files\matrix">
      <UniqueIdentifier>{cb96eea8-d16e-4b6b-a2dc-2181261ac099}</UniqueIdentifier>
    </Filter>
    <Filter Include="Header Files\linkedlist">
      <UniqueIdentifier>{cb96eea8-d16e-4b6b-a2de-2881261ab099}</UniqueIdentifier>
    </Filter>
    <Filter Include="Header Files\recursion">
      <UniqueIdentifier>{cb96eea8-d16e-4b6b-a2dc-2881261bc099}</UniqueIdentifier>
    </Filter>
    <Filter Include="Header Files\stack">
      <UniqueIdentifier>{cb96eca8-d16e-4b6b-a2dc-2881161ac099}</UniqueIdentifier>
    </Filter>
    <Filter Include="Header Files\queue">
      <UniqueIdentifier>{cb96eea8-d16e-4b6b-a2dc-2281261ac099}</UniqueIdentifier>
    </Filter>
    <Filter Include="Header Files\thread">
      <UniqueIdentifier>{cb96eea8-d16e-4b6b-a2dc-2281231ac099}</UniqueIdentifier>
    </Filter>
    <Filter Include="Header Files\careercup">
      <UniqueIdentifier>{be06d1ad-f259-4f4c-b724-1f600c346b49}</UniqueIdentifier>
    </Filter>
    <Filter Include="Header Files\gkg">
      <UniqueIdentifier>{daa943b3-5d2d-4821-be4a-16922ca506b3}</UniqueIdentifier>
    </Filter>
    <Filter Include="Header Files\crackingcodinginterview">
      <UniqueIdentifier>{b1b20643-de81-4431-b631-0ed57ce0c99f}</UniqueIdentifier>
    </Filter>
    <Filter Include="Header Files\facebook">
      <UniqueIdentifier>{7ad9c69d-9866-4e7a-bbfa-a3ad52860aa8}</UniqueIdentifier>
    </Filter>
  </ItemGroup>
  <ItemGroup>
    <ClInclude Include="array/IntersectionOfSortedArrInterval.h">
      <Filter>Header Files\array</Filter>
    </ClInclude>
    <ClInclude Include="array/IterativeQuickSort.h">
      <Filter>Header Files\array</Filter>
    </ClInclude>
    <ClInclude Include="array/MakeCommonArr.h">
      <Filter>Header Files\array</Filter>
    </ClInclude>
    <ClInclude Include="array/MinJumpsToReachEnd.h">
      <Filter>Header Files\array</Filter>
    </ClInclude>
    <ClInclude Include="array/MinLengthUnsortedArr.h">
      <Filter>Header Files\array</Filter>
    </ClInclude>
    <ClInclude Include="array/PancakeSort.h">
      <Filter>Header Files\array</Filter>
    </ClInclude>
    <ClInclude Include="array/PrintSubArr.h">
      <Filter>Header Files\array</Filter>
    </ClInclude>
    <ClInclude Include="array/RearrangePositiveNegativeNumbers.h">
      <Filter>Header Files\array</Filter>
    </ClInclude>
    <ClInclude Include="array/RearrangePositiveNegativeNumbersAlternatively.h">
      <Filter>Header Files\array</Filter>
    </ClInclude>
    <ClInclude Include="array/SearchInSortedRotatedArray.h">
      <Filter>Header Files\array</Filter>
    </ClInclude>
    <ClInclude Include="array/SearchRangeInSortedArray.h">
      <Filter>Header Files\array</Filter>
    </ClInclude>
    <ClInclude Include="array/Sort.h">
      <Filter>Header Files\array</Filter>
    </ClInclude>
    <ClInclude Include="array/SortArrByGivenIndices.h">
      <Filter>Header Files\array</Filter>
    </ClInclude>
    <ClInclude Include="array/SortBinaryArr.h">
      <Filter>Header Files\array</Filter>
    </ClInclude>
    <ClInclude Include="array/SumOfPairTripletsQuadruples.h">
      <Filter>Header Files\array</Filter>
    </ClInclude>
    <ClInclude Include="array/UnionIntersectionOfSortedArrays.h">
      <Filter>Header Files\array</Filter>
    </ClInclude>
    <ClInclude Include="bits/UpdateBits.h">
      <Filter>Header Files\bits</Filter>
    </ClInclude>
    <ClInclude Include="design/LRUCache.h">
      <Filter>Header Files\design</Filter>
    </ClInclude>
    <ClInclude Include="design/PlayerRank.h">
      <Filter>Header Files\design</Filter>
    </ClInclude>
    <ClInclude Include="design/ProbabilityOfAliveOnIsland.h">
      <Filter>Header Files\design</Filter>
    </ClInclude>
    <ClInclude Include="design/ReadLastNLines.h">
      <Filter>Header Files\design</Filter>
    </ClInclude>
    <ClInclude Include="design/RingBuffer.h">
      <Filter>Header Files\design</Filter>
    </ClInclude>
    <ClInclude Include="design/SortLargeFiles.h">
      <Filter>Header Files\design</Filter>
    </ClInclude>
    <ClInclude Include="design/TernarySearchTree.h">
      <Filter>Header Files\design</Filter>
    </ClInclude>
    <ClInclude Include="design/Trie.h">
      <Filter>Header Files\design</Filter>
    </ClInclude>
    <ClInclude Include="design/UniqueUrl.h">
      <Filter>Header Files\design</Filter>
    </ClInclude>
    <ClInclude Include="dynamic/HeightOrder.h">
      <Filter>Header Files\dynamic</Filter>
    </ClInclude>
    <ClInclude Include="dynamic/LongestCommonSeq.h">
      <Filter>Header Files\dynamic</Filter>
    </ClInclude>
    <ClInclude Include="dynamic/LongestIncreasingSubseq.h">
      <Filter>Header Files\dynamic</Filter>
    </ClInclude>
    <ClInclude Include="dynamic/LongestPalinSeq.h">
      <Filter>Header Files\dynamic</Filter>
    </ClInclude>
    <ClInclude Include="dynamic/MaxAlternativeBoxes.h">
      <Filter>Header Files\dynamic</Filter>
    </ClInclude>
    <ClInclude Include="dynamic/MaxSumIncSeq.h">
      <Filter>Header Files\dynamic</Filter>
    </ClInclude>
    <ClInclude Include="dynamic/Mincost.h">
      <Filter>Header Files\dynamic</Filter>
    </ClInclude>
    <ClInclude Include="dynamic/MinWordBreak.h">
      <Filter>Header Files\dynamic</Filter>
    </ClInclude>
    <ClInclude Include="dynamic/PrintSumOfCoins.h">
      <Filter>Header Files\dynamic</Filter>
    </ClInclude>
    <ClInclude Include="dynamic/SubsetSum.h">
      <Filter>Header Files\dynamic</Filter>
    </ClInclude>
    <ClInclude Include="dynamic/WordBreak.h">
      <Filter>Header Files\dynamic</Filter>
    </ClInclude>
    <ClInclude Include="graph/Knapsack.h">
      <Filter>Header Files\graph</Filter>
    </ClInclude>
    <ClInclude Include="graph/Krushkals.h">
      <Filter>Header Files\graph</Filter>
    </ClInclude>
    <ClInclude Include="graph/MemoryEfficientTrie.h">
      <Filter>Header Files\graph</Filter>
    </ClInclude>
    <ClInclude Include="graph/MincostPathAllDir.h">
      <Filter>Header Files\graph</Filter>
    </ClInclude>
    <ClInclude Include="graph/Prims.h">
      <Filter>Header Files\graph</Filter>
    </ClInclude>
    <ClInclude Include="graph/PrimsAdj.h">
      <Filter>Header Files\graph</Filter>
    </ClInclude>
    <ClInclude Include="graph/ShortestCycleInDAG.h">
      <Filter>Header Files\graph</Filter>
    </ClInclude>
    <ClInclude Include="graph/SortedWordsInAlienDictionary.h">
      <Filter>Header Files\graph</Filter>
    </ClInclude>
    <ClInclude Include="linkedlist/LinkedListSort.h">
      <Filter>Header Files\linkedlist</Filter>
    </ClInclude>
    <ClInclude Include="linkedlist/ListIterator.h">
      <Filter>Header Files\linkedlist</Filter>
    </ClInclude>
    <ClInclude Include="linkedlist/MergeSortLinkedList.h">
      <Filter>Header Files\linkedlist</Filter>
    </ClInclude>
    <ClInclude Include="linkedlist/PartitionList.h">
      <Filter>Header Files\linkedlist</Filter>
    </ClInclude>
    <ClInclude Include="linkedlist/SwapKFromBeginAndEnd.h">
      <Filter>Header Files\linkedlist</Filter>
    </ClInclude>
    <ClInclude Include="matrix/PrintMatrixSortedOrder.h">
      <Filter>Header Files\matrix</Filter>
    </ClInclude>
    <ClInclude Include="matrix/ShortestPathInMaze.h">
      <Filter>Header Files\matrix</Filter>
    </ClInclude>
    <ClInclude Include="misc/GetPeriod.h">
      <Filter>Header Files\misc</Filter>
    </ClInclude>
    <ClInclude Include="misc/Hackerrank.h">
      <Filter>Header Files\misc</Filter>
    </ClInclude>
    <ClInclude Include="misc/IntegerToString.h">
      <Filter>Header Files\misc</Filter>
    </ClInclude>
    <ClInclude Include="misc/IntervalOverlap.h">
      <Filter>Header Files\misc</Filter>
    </ClInclude>
    <ClInclude Include="misc/isValidDecimal.h">
      <Filter>Header Files\misc</Filter>
    </ClInclude>
    <ClInclude Include="misc/KClosest.h">
      <Filter>Header Files\misc</Filter>
    </ClInclude>
    <ClInclude Include="misc/KClosestElement.h">
      <Filter>Header Files\misc</Filter>
    </ClInclude>
    <ClInclude Include="misc/MaxAnimalLivedPeriod.h">
      <Filter>Header Files\misc</Filter>
    </ClInclude>
    <ClInclude Include="misc/MinPlatformReq.h">
      <Filter>Header Files\misc</Filter>
    </ClInclude>
    <ClInclude Include="misc/OneEditDistance.h">
      <Filter>Header Files\misc</Filter>
    </ClInclude>
    <ClInclude Include="misc/OrderedPermutationsOf2Strings.h">
      <Filter>Header Files\misc</Filter>
    </ClInclude>
    <ClInclude Include="misc/PalindromicPerm.h">
      <Filter>Header Files\misc</Filter>
    </ClInclude>
    <ClInclude Include="misc/PatternMatch.h">
      <Filter>Header Files\misc</Filter>
    </ClInclude>
    <ClInclude Include="misc/PowerSet.h">
      <Filter>Header Files\misc</Filter>
    </ClInclude>
    <ClInclude Include="misc/PrintEvenOdd.h">
      <Filter>Header Files\misc</Filter>
    </ClInclude>
    <ClInclude Include="misc/PrintOverallSeq.h">
      <Filter>Header Files\misc</Filter>
    </ClInclude>
    <ClInclude Include="misc/Radix.h">
      <Filter>Header Files\misc</Filter>
    </ClInclude>
    <ClInclude Include="misc/Salesforce1.h">
      <Filter>Header Files\misc</Filter>
    </ClInclude>
    <ClInclude Include="misc/SmallestRangeIncludeElementFromEachList.h">
      <Filter>Header Files\misc</Filter>
    </ClInclude>
    <ClInclude Include="misc/Soduko.h">
      <Filter>Header Files\misc</Filter>
    </ClInclude>
    <ClInclude Include="misc/TopElements.h">
      <Filter>Header Files\misc</Filter>
    </ClInclude>
    <ClInclude Include="misc/TotalTimeCoveredByIntervals.h">
      <Filter>Header Files\misc</Filter>
    </ClInclude>
    <ClInclude Include="misc/TrappingRainWater.h">
      <Filter>Header Files\misc</Filter>
    </ClInclude>
    <ClInclude Include="misc/ValidateSuduko.h">
      <Filter>Header Files\misc</Filter>
    </ClInclude>
    <ClInclude Include="misc/WordLadder.h">
      <Filter>Header Files\misc</Filter>
    </ClInclude>
    <ClInclude Include="orderstatistics/KthLargestSmallest.h">
      <Filter>Header Files\orderstatistics</Filter>
    </ClInclude>
    <ClInclude Include="orderstatistics/KthSmallestElementInSortedMatrix.h">
      <Filter>Header Files\orderstatistics</Filter>
    </ClInclude>
    <ClInclude Include="orderstatistics/KthSmallestOrLargestElementInUnsortedArray.h">
      <Filter>Header Files\orderstatistics</Filter>
    </ClInclude>
    <ClInclude Include="queue/PriorityQueue.h">
      <Filter>Header Files\queue</Filter>
    </ClInclude>
    <ClInclude Include="stack/SimpleExprEval.h">
      <Filter>Header Files\stack</Filter>
    </ClInclude>
    <ClInclude Include="stack/StackWithMiddleOperation.h">
      <Filter>Header Files\stack</Filter>
    </ClInclude>
    <ClInclude Include="string/InplaceCompressString.h">
      <Filter>Header Files\string</Filter>
    </ClInclude>
    <ClInclude Include="string/KMP.h">
      <Filter>Header Files\string</Filter>
    </ClInclude>
    <ClInclude Include="string/ListAnagrams.h">
      <Filter>Header Files\string</Filter>
    </ClInclude>
    <ClInclude Include="string/LongestUniqueSubstr.h">
      <Filter>Header Files\string</Filter>
    </ClInclude>
    <ClInclude Include="string/MakeSmallestString.h">
      <Filter>Header Files\string</Filter>
    </ClInclude>
    <ClInclude Include="string/MinLengthOfString.h">
      <Filter>Header Files\string</Filter>
    </ClInclude>
    <ClInclude Include="string/MutationsOfString.h">
      <Filter>Header Files\string</Filter>
    </ClInclude>
    <ClInclude Include="string/RabinKarp.h">
      <Filter>Header Files\string</Filter>
    </ClInclude>
    <ClInclude Include="string/ReplaceSpaceWith20.h">
      <Filter>Header Files\string</Filter>
    </ClInclude>
    <ClInclude Include="string/ReverseWords.h">
      <Filter>Header Files\string</Filter>
    </ClInclude>
    <ClInclude Include="string/SpecialEquivalentStrings.h">
      <Filter>Header Files\string</Filter>
    </ClInclude>
    <ClInclude Include="string/StringCompression.h">
      <Filter>Header Files\string</Filter>
    </ClInclude>
    <ClInclude Include="string/StringWithValidParen.h">
      <Filter>Header Files\string</Filter>
    </ClInclude>
    <ClInclude Include="string/SubstringCount.h">
      <Filter>Header Files\string</Filter>
    </ClInclude>
    <ClInclude Include="string/SubstringFind.h">
      <Filter>Header Files\string</Filter>
    </ClInclude>
    <ClInclude Include="tree/IterativeInorderTraversal.h">
      <Filter>Header Files\tree</Filter>
    </ClInclude>
    <ClInclude Include="tree/MirrorImage.h">
      <Filter>Header Files\tree</Filter>
    </ClInclude>
    <ClInclude Include="tree/SerializeDeserializeBST.h">
      <Filter>Header Files\tree</Filter>
    </ClInclude>
    <ClInclude Include="tree/SerializeDeserializeBT.h">
      <Filter>Header Files\tree</Filter>
    </ClInclude>
    <ClInclude Include="tree/SerializeDeserializeTree.h">
      <Filter>Header Files\tree</Filter>
    </ClInclude>
    <ClInclude Include="tree/SubStringSearch.h">
      <Filter>Header Files\tree</Filter>
    </ClInclude>
    <ClInclude Include="tree/ValidTree.h">
      <Filter>Header Files\tree</Filter>
    </ClInclude>
    <ClInclude Include="graph/WordLadder_BiDirectionalBFS.h">
      <Filter>Header Files\graph</Filter>
    </ClInclude>
    <ClInclude Include="string/AnagramSubstrSearch.h">
      <Filter>Header Files\string</Filter>
    </ClInclude>
    <ClInclude Include="array/ArrangePositiveNegativeNumbers.h">
      <Filter>Header Files\array</Filter>
    </ClInclude>
    <ClInclude Include="design/AsyncCallback.h">
      <Filter>Header Files\design</Filter>
    </ClInclude>
    <ClInclude Include="design/AsyncState.h">
      <Filter>Header Files\design</Filter>
    </ClInclude>
    <ClInclude Include="graph/BidirectionalBFS.h">
      <Filter>Header Files\graph</Filter>
    </ClInclude>
    <ClInclude Include="array/BinaryArrSort.h">
      <Filter>Header Files\array</Filter>
    </ClInclude>
    <ClInclude Include="tree/BinarySearchTreeIterator.h">
      <Filter>Header Files\tree</Filter>
    </ClInclude>
    <ClInclude Include="maths/BinomialCoeff.h">
      <Filter>Header Files\maths</Filter>
    </ClInclude>
    <ClInclude Include="bits/bitsapplication.h">
      <Filter>Header Files\bits</Filter>
    </ClInclude>
    <ClInclude Include="misc/BoolStream.h">
      <Filter>Header Files\misc</Filter>
    </ClInclude>
    <ClInclude Include="graph/BuildOrder.h">
      <Filter>Header Files\graph</Filter>
    </ClInclude>
    <ClInclude Include="design/CallDispatcher.h">
      <Filter>Header Files\design</Filter>
    </ClInclude>
    <ClInclude Include="string/CheckAnagramOfString.h">
      <Filter>Header Files\string</Filter>
    </ClInclude>
    <ClInclude Include="string/CheckPeriodicString.h">
      <Filter>Header Files\string</Filter>
    </ClInclude>
    <ClInclude Include="string/CheckStringPeriodic.h">
      <Filter>Header Files\string</Filter>
    </ClInclude>
    <ClInclude Include="dynamic/CoinChange.h">
      <Filter>Header Files\dynamic</Filter>
    </ClInclude>
    <ClInclude Include="dynamic/CombinationOfNumbersToGivenSum.h">
      <Filter>Header Files\misc</Filter>
    </ClInclude>
    <ClInclude Include="design/concurrency.h">
      <Filter>Header Files\thread</Filter>
    </ClInclude>
    <ClInclude Include="design/ConcurrentLRU.h">
      <Filter>Header Files\design</Filter>
    </ClInclude>
    <ClInclude Include="linkedlist/CopyLinkedListWithRandomPtr.h">
      <Filter>Header Files\linkedlist</Filter>
    </ClInclude>
    <ClInclude Include="misc/Count2s.h">
      <Filter>Header Files\misc</Filter>
    </ClInclude>
    <ClInclude Include="recursion/CountABCCombination.h">
      <Filter>Header Files\misc</Filter>
    </ClInclude>
    <ClInclude Include="recursion/CountDecodings.h">
      <Filter>Header Files\misc</Filter>
    </ClInclude>
    <ClInclude Include="dynamic/CountNumberOfIslands.h">
      <Filter>Header Files\matrix</Filter>
    </ClInclude>
    <ClInclude Include="dynamic/CountSubsetsWithGivenSum.h">
      <Filter>Header Files\dynamic</Filter>
    </ClInclude>
    <ClInclude Include="dynamic/Cutrod.h">
      <Filter>Header Files\dynamic</Filter>
    </ClInclude>
    <ClInclude Include="queue/Deque.h">
      <Filter>Header Files\queue</Filter>
    </ClInclude>
    <ClInclude Include="graph/Dijkstra.h">
      <Filter>Header Files\graph</Filter>
    </ClInclude>
    <ClInclude Include="bits/DivideWithoutDivisionOperator.h">
      <Filter>Header Files\bits</Filter>
    </ClInclude>
    <ClInclude Include="dynamic/EditDistance.h">
      <Filter>Header Files\dynamic</Filter>
    </ClInclude>
    <ClInclude Include="design/EmployeesCount.h">
      <Filter>Header Files\design</Filter>
    </ClInclude>
    <ClInclude Include="stack/EvaluateExpr.h">
      <Filter>Header Files\stack</Filter>
    </ClInclude>
    <ClInclude Include="misc/FindAggregatedNumber.h">
      <Filter>Header Files\misc</Filter>
    </ClInclude>
    <ClInclude Include="string/FindAnagramsWithOwnHash.h">
      <Filter>Header Files\string</Filter>
    </ClInclude>
    <ClInclude Include="array/FindInsertPositionInSortedArr.h">
      <Filter>Header Files\array</Filter>
    </ClInclude>
    <ClInclude Include="dynamic/FindLargestSubsequence.h">
      <Filter>Header Files\misc</Filter>
    </ClInclude>
    <ClInclude Include="tree/FindLongestBranchInBinaryTree.h">
      <Filter>Header Files\tree</Filter>
    </ClInclude>
    <ClInclude Include="misc/FindLongestSubstrWithSameCountLettersNumbers.h">
      <Filter>Header Files\string</Filter>
    </ClInclude>
    <ClInclude Include="misc/FindMatch.h">
      <Filter>Header Files\misc</Filter>
    </ClInclude>
    <ClInclude Include="tree/FindNodesWithGivenSumInBST.h">
      <Filter>Header Files\tree</Filter>
    </ClInclude>
    <ClInclude Include="string/FindNumOfTimeStrRepeatedToMakeSUbstr.h">
      <Filter>Header Files\string</Filter>
    </ClInclude>
    <ClInclude Include="matrix/FindPathInMaze.h">
      <Filter>Header Files\matrix</Filter>
    </ClInclude>
    <ClInclude Include="misc/MergeSortedIntervalsArr.h">
      <Filter>Header Files\misc</Filter>
    </ClInclude>
    <ClInclude Include="misc/InsertIntervalInSortedIntervalSet.h">
      <Filter>Header Files\misc</Filter>
    </ClInclude>
    <ClInclude Include="header.h">
      <Filter>Header Files</Filter>
    </ClInclude>
    <ClInclude Include="misc\LargestRectangleInHistogram.h">
      <Filter>Header Files\misc</Filter>
    </ClInclude>
    <ClInclude Include="misc\ContainerWithMostWater.h">
      <Filter>Header Files\misc</Filter>
    </ClInclude>
    <ClInclude Include="misc\CandyProblem.h">
      <Filter>Header Files\misc</Filter>
    </ClInclude>
    <ClInclude Include="misc/FindPermInDistance.h">
      <Filter>Header Files\misc</Filter>
    </ClInclude>
    <ClInclude Include="design/FindStepsToNearestGaurd.h">
      <Filter>Header Files\misc</Filter>
    </ClInclude>
    <ClInclude Include="matrix/FindValidWordsInBoard.h">
      <Filter>Header Files\matrix</Filter>
    </ClInclude>
    <ClInclude Include="graph/FloydWarshal.h">
      <Filter>Header Files\graph</Filter>
    </ClInclude>
    <ClInclude Include="maths/GenerateF29.h">
      <Filter>Header Files\maths</Filter>
    </ClInclude>
    <ClInclude Include="maths/GenerateMaxNumber.h">
      <Filter>Header Files\maths</Filter>
    </ClInclude>
    <ClInclude Include="array/GenerateNextPrevNumbersFromArr.h">
      <Filter>Header Files\array</Filter>
    </ClInclude>
    <ClInclude Include="graph/GraphQuestions.h">
      <Filter>Header Files\graph</Filter>
    </ClInclude>
    <ClInclude Include="graph/Graph.h">
      <Filter>Header Files\graph</Filter>
    </ClInclude>
    <ClInclude Include="graph/Huffman.h">
      <Filter>Header Files\graph</Filter>
    </ClInclude>
    <ClInclude Include="threads/ThreadPrint3SubSeq.h">
      <Filter>Header Files\thread</Filter>
    </ClInclude>
    <ClInclude Include="stack/SimplifyPath.h">
      <Filter>Header Files\stack</Filter>
    </ClInclude>
    <ClInclude Include="array\LargestNumber.h">
      <Filter>Header Files\array</Filter>
    </ClInclude>
    <ClInclude Include="array\MajorityElement.h">
      <Filter>Header Files\array</Filter>
    </ClInclude>
    <ClInclude Include="array\PivotInSortedRotatedArray.h">
      <Filter>Header Files\array</Filter>
    </ClInclude>
    <ClInclude Include="array\LongestConsecutiveSeq.h">
      <Filter>Header Files\array</Filter>
    </ClInclude>
    <ClInclude Include="array\MinimumSizeSubArraySum.h">
      <Filter>Header Files\array</Filter>
    </ClInclude>
    <ClInclude Include="matrix\MinimumSumInTraingle.h">
      <Filter>Header Files\matrix</Filter>
    </ClInclude>
    <ClInclude Include="misc\UnionFind.h">
      <Filter>Header Files\misc</Filter>
    </ClInclude>
    <ClInclude Include="matrix\SurroundedRegions.h">
      <Filter>Header Files\matrix</Filter>
    </ClInclude>
    <ClInclude Include="misc\WordSearch.h">
      <Filter>Header Files\misc</Filter>
    </ClInclude>
    <ClInclude Include="design/TicTacToe.h">
      <Filter>Header Files\design</Filter>
    </ClInclude>
    <ClInclude Include="design\Sudoku.h">
      <Filter>Header Files\design</Filter>
    </ClInclude>
    <ClInclude Include="design\GFG_SudokuSolver.h">
      <Filter>Header Files\design</Filter>
    </ClInclude>
    <ClInclude Include="graph\CloneUndirectedGraph.h">
      <Filter>Header Files\graph</Filter>
    </ClInclude>
    <ClInclude Include="graph\Graph2.h">
      <Filter>Header Files\graph</Filter>
    </ClInclude>
    <ClInclude Include="design\Set.h">
      <Filter>Header Files\design</Filter>
    </ClInclude>
    <ClInclude Include="design\Stack.h">
      <Filter>Header Files\design</Filter>
    </ClInclude>
    <ClInclude Include="design\MultipleStack.h">
      <Filter>Header Files\design</Filter>
    </ClInclude>
    <ClInclude Include="linkedlist\RemoveDuplicates.h">
      <Filter>Header Files\linkedlist</Filter>
    </ClInclude>
    <ClInclude Include="linkedlist\LRUCache2.h">
      <Filter>Header Files\design</Filter>
    </ClInclude>
    <ClInclude Include="string\PermutationOfPalin.h">
      <Filter>Header Files\string</Filter>
    </ClInclude>
    <ClInclude Include="string\CompressString.h">
      <Filter>Header Files\string</Filter>
    </ClInclude>
    <ClInclude Include="string/LongestCommonPrefix.h">
      <Filter>Header Files\string</Filter>
    </ClInclude>
    <ClInclude Include="string/LongestSubstrWithKUniqueChars.h">
      <Filter>Header Files\string</Filter>
    </ClInclude>
    <ClInclude Include="string/LongestSubstrWithoutRepeatingChars.h">
      <Filter>Header Files\string</Filter>
    </ClInclude>
    <ClInclude Include="string/SubstringWithConcatenationOfWords.h">
      <Filter>Header Files\string</Filter>
    </ClInclude>
    <ClInclude Include="string/MinWindowSubstring.h">
      <Filter>Header Files\string</Filter>
    </ClInclude>
    <ClInclude Include="misc/WordSearch2.h">
      <Filter>Header Files\matrix</Filter>
    </ClInclude>
    <ClInclude Include="linkedlist\LinkedList.h">
      <Filter>Header Files\linkedlist</Filter>
    </ClInclude>
    <ClInclude Include="linkedlist\SumLinkedList.h">
      <Filter>Header Files\linkedlist</Filter>
    </ClInclude>
    <ClInclude Include="linkedlist\IsLinkedListPalin.h">
      <Filter>Header Files\linkedlist</Filter>
    </ClInclude>
    <ClInclude Include="tree\PrintAllPathsWithGivenSum.h">
      <Filter>Header Files\tree</Filter>
    </ClInclude>
    <ClInclude Include="tree\TreeNode.h">
      <Filter>Header Files\tree</Filter>
    </ClInclude>
    <ClInclude Include="bits\GetNextPrevNumWithSameOnes.h">
      <Filter>Header Files\bits</Filter>
    </ClInclude>
    <ClInclude Include="design\Blackjack.h">
      <Filter>Header Files\design</Filter>
    </ClInclude>
    <ClInclude Include="tree/LeastCommonAncestor.h">
      <Filter>Header Files\tree</Filter>
    </ClInclude>
    <ClInclude Include="design\Logger.h">
      <Filter>Header Files\design</Filter>
    </ClInclude>
    <ClInclude Include="design\ParkingLot.h">
      <Filter>Header Files\design</Filter>
    </ClInclude>
    <ClInclude Include="design\TinyUrl.h">
      <Filter>Header Files\design</Filter>
    </ClInclude>
    <ClInclude Include="design\NewsFeed.h">
      <Filter>Header Files\design</Filter>
    </ClInclude>
    <ClInclude Include="design\LogSearch.h">
      <Filter>Header Files\design</Filter>
    </ClInclude>
    <ClInclude Include="design\TopTrendingTopic.h">
      <Filter>Header Files\design</Filter>
    </ClInclude>
    <ClInclude Include="recursion\8Queen.h">
      <Filter>Header Files\design</Filter>
    </ClInclude>
    <ClInclude Include="design\FinanceManager.h">
      <Filter>Header Files\design</Filter>
    </ClInclude>
    <ClInclude Include="tree\Rank.h">
      <Filter>Header Files\tree</Filter>
    </ClInclude>
    <ClInclude Include="design\PrintLastKLines.h">
      <Filter>Header Files\design</Filter>
    </ClInclude>
    <ClInclude Include="design\CircularQueue.h">
      <Filter>Header Files\design</Filter>
    </ClInclude>
    <ClInclude Include="tree\CopyTree.h">
      <Filter>Header Files\tree</Filter>
    </ClInclude>
    <ClInclude Include="design\SmartPointer.h">
      <Filter>Header Files\dynamic</Filter>
    </ClInclude>
    <ClInclude Include="design\MyMalloc.h">
      <Filter>Header Files\dynamic</Filter>
    </ClInclude>
    <ClInclude Include="design\XmlParser.h">
      <Filter>Header Files\design</Filter>
    </ClInclude>
    <ClInclude Include="design\MasterMind.h">
      <Filter>Header Files\design</Filter>
    </ClInclude>
    <ClInclude Include="misc\Practice.h">
      <Filter>Header Files\misc</Filter>
    </ClInclude>
    <ClInclude Include="design\XmlParser2.h">
      <Filter>Header Files\design</Filter>
    </ClInclude>
    <ClInclude Include="graph\GraphPractice.h">
      <Filter>Header Files\graph</Filter>
    </ClInclude>
    <ClInclude Include="misc\GeneratePossibleStringForANumber.h">
      <Filter>Header Files\misc</Filter>
    </ClInclude>
    <ClInclude Include="string\ReverseWordsInAString.h">
      <Filter>Header Files\string</Filter>
    </ClInclude>
    <ClInclude Include="array\MaxDiffInArray.h">
      <Filter>Header Files\array</Filter>
    </ClInclude>
    <ClInclude Include="string\ReverseStr.h">
      <Filter>Header Files\string</Filter>
    </ClInclude>
    <ClInclude Include="misc\MergeIntervals.h">
      <Filter>Header Files\misc</Filter>
    </ClInclude>
    <ClInclude Include="maths\PrintFactors.h">
      <Filter>Header Files\maths</Filter>
    </ClInclude>
    <ClInclude Include="maths\IsNumber.h">
      <Filter>Header Files\maths</Filter>
    </ClInclude>
    <ClInclude Include="design\BoundedTimedPriorityQueue.h">
      <Filter>Header Files\design</Filter>
    </ClInclude>
    <ClInclude Include="graph\IsBipartite.h">
      <Filter>Header Files\graph</Filter>
    </ClInclude>
    <ClInclude Include="misc\BoundedBuffer.h">
      <Filter>Header Files\misc</Filter>
    </ClInclude>
    <ClInclude Include="misc\FunctionTime.h">
      <Filter>Header Files\misc</Filter>
    </ClInclude>
    <ClInclude Include="misc\test.h">
      <Filter>Header Files\misc</Filter>
    </ClInclude>
    <ClInclude Include="misc\Pubsub.h">
      <Filter>Header Files\misc</Filter>
    </ClInclude>
    <ClInclude Include="misc\MaxValueOfExpr.h">
      <Filter>Header Files\misc</Filter>
    </ClInclude>
    <ClInclude Include="misc\Calculator.h">
      <Filter>Header Files\misc</Filter>
    </ClInclude>
    <ClInclude Include="misc\KthSmallestElement.h">
      <Filter>Header Files\misc</Filter>
    </ClInclude>
    <ClInclude Include="recursion\IsInterleaved.h">
      <Filter>Header Files\recursion</Filter>
    </ClInclude>
    <ClInclude Include="graph\DetectCycleInDag.h">
      <Filter>Header Files\graph</Filter>
    </ClInclude>
    <ClInclude Include="misc\gfg_ds.h">
      <Filter>Header Files\misc</Filter>
    </ClInclude>
    <ClInclude Include="stack\DynamicStack.h">
      <Filter>Header Files\stack</Filter>
    </ClInclude>
    <ClInclude Include="stack\MiddleElementAccessInStack.h">
      <Filter>Header Files\stack</Filter>
    </ClInclude>
    <ClInclude Include="misc\LargestRectangle.h">
      <Filter>Header Files\misc</Filter>
    </ClInclude>
    <ClInclude Include="queue\CircularQueue.h">
      <Filter>Header Files\queue</Filter>
    </ClInclude>
    <ClInclude Include="tree\KthSmallestElement.h">
      <Filter>Header Files\tree</Filter>
    </ClInclude>
    <ClInclude Include="array\RadixSort.h">
      <Filter>Header Files\array</Filter>
    </ClInclude>
    <ClInclude Include="misc\HuffmanEncoding.h">
      <Filter>Header Files\misc</Filter>
    </ClInclude>
    <ClInclude Include="array\MergeKSortedArr.h">
      <Filter>Header Files\array</Filter>
    </ClInclude>
    <ClInclude Include="graph\BellmanFord.h">
      <Filter>Header Files\graph</Filter>
    </ClInclude>
    <ClInclude Include="graph\TravellingSalesmanProblem.h">
      <Filter>Header Files\graph</Filter>
    </ClInclude>
    <ClInclude Include="graph\PrintAllPathsFromSrcToDst.h">
      <Filter>Header Files\graph</Filter>
    </ClInclude>
    <ClInclude Include="graph\HamiltonianCycle.h">
      <Filter>Header Files\graph</Filter>
    </ClInclude>
    <ClInclude Include="misc\NumEmployees.h">
      <Filter>Header Files\misc</Filter>
    </ClInclude>
    <ClInclude Include="thread\PrintEvenOdd.h">
      <Filter>Header Files\thread</Filter>
    </ClInclude>
    <ClInclude Include="thread\PrintOneTwoThree.h">
      <Filter>Header Files\thread</Filter>
    </ClInclude>
    <ClInclude Include="thread\Semaphore.h">
      <Filter>Header Files\thread</Filter>
    </ClInclude>
    <ClInclude Include="thread\PrintA1B1A2B2.h">
      <Filter>Header Files\thread</Filter>
    </ClInclude>
    <ClInclude Include="thread\ReaderWriterProblem.h">
      <Filter>Header Files\thread</Filter>
    </ClInclude>
    <ClInclude Include="graph\CountPathsWithKLength.h">
      <Filter>Header Files\graph</Filter>
    </ClInclude>
    <ClInclude Include="misc\CheckGrammer.h">
      <Filter>Header Files\misc</Filter>
    </ClInclude>
    <ClInclude Include="recursion\SnakeLadder.h">
      <Filter>Header Files\recursion</Filter>
    </ClInclude>
    <ClInclude Include="recursion\ConnectRopes.h">
      <Filter>Header Files\recursion</Filter>
    </ClInclude>
    <ClInclude Include="graph\StronglyConnected.h">
      <Filter>Header Files\graph</Filter>
    </ClInclude>
    <ClInclude Include="misc\ChainStrings.h">
      <Filter>Header Files\misc</Filter>
    </ClInclude>
    <ClInclude Include="graph\FindEdgeDisjointPaths.h">
      <Filter>Header Files\graph</Filter>
    </ClInclude>
    <ClInclude Include="graph\BipartiteMatching.h">
      <Filter>Header Files\graph</Filter>
    </ClInclude>
    <ClInclude Include="misc\MeetingScheduler.h">
      <Filter>Header Files\design</Filter>
    </ClInclude>
    <ClInclude Include="misc\KthMultiple.h">
      <Filter>Header Files\misc</Filter>
    </ClInclude>
    <ClInclude Include="misc\WordDistance.h">
      <Filter>Header Files\misc</Filter>
    </ClInclude>
    <ClInclude Include="tree\BinarySearchTreeToDoublyLinkedList.h">
      <Filter>Header Files\tree</Filter>
    </ClInclude>
    <ClInclude Include="careercup\FindAnagramInString.h">
      <Filter>Header Files\careercup</Filter>
    </ClInclude>
    <ClInclude Include="careercup\MaxProfitCarRental.h">
      <Filter>Header Files\careercup</Filter>
    </ClInclude>
    <ClInclude Include="careercup\MaxTimeCoveredByIntervals.h">
      <Filter>Header Files\careercup</Filter>
    </ClInclude>
    <ClInclude Include="careercup\WordTrie.h">
      <Filter>Header Files\careercup</Filter>
    </ClInclude>
    <ClInclude Include="careercup\HeightOrder.h">
      <Filter>Header Files\careercup</Filter>
    </ClInclude>
    <ClInclude Include="careercup\MaximumValueOfArray.h">
      <Filter>Header Files\careercup</Filter>
    </ClInclude>
    <ClInclude Include="careercup\PrintKWordsFromList.h">
      <Filter>Header Files\careercup</Filter>
    </ClInclude>
    <ClInclude Include="careercup\TopKUrlsInDistributedSystem.h">
      <Filter>Header Files\careercup</Filter>
    </ClInclude>
    <ClInclude Include="careercup\CountIslands.h">
      <Filter>Header Files\careercup</Filter>
    </ClInclude>
    <ClInclude Include="careercup\CountWaysToMakeChangeWithLimitedCount.h">
      <Filter>Header Files\careercup</Filter>
    </ClInclude>
    <ClInclude Include="careercup\RepeatingSubsequence.h">
      <Filter>Header Files\careercup</Filter>
    </ClInclude>
    <ClInclude Include="careercup\Trie.h">
      <Filter>Header Files\careercup</Filter>
    </ClInclude>
    <ClInclude Include="careercup\GetRepeatedStringPeriod.h">
      <Filter>Header Files\careercup</Filter>
    </ClInclude>
    <ClInclude Include="careercup\MinimumStepsToReachTargetByKnight.h">
      <Filter>Header Files\careercup</Filter>
    </ClInclude>
    <ClInclude Include="careercup\TopKSellingProductInSlidingWindow.h">
      <Filter>Header Files\careercup</Filter>
    </ClInclude>
    <ClInclude Include="careercup\FindMaxRepeatElementInRange.h">
      <Filter>Header Files\careercup</Filter>
    </ClInclude>
    <ClInclude Include="careercup\SumOfNumberFormedBy1234.h">
      <Filter>Header Files\careercup</Filter>
    </ClInclude>
    <ClInclude Include="careercup\FindPairInBST.h">
      <Filter>Header Files\careercup</Filter>
    </ClInclude>
    <ClInclude Include="careercup\SortNumbersInRange1To20000.h">
      <Filter>Header Files\careercup</Filter>
    </ClInclude>
    <ClInclude Include="careercup\ProbabilityOfBeingAlive.h">
      <Filter>Header Files\careercup</Filter>
    </ClInclude>
    <ClInclude Include="careercup\Decode.h">
      <Filter>Header Files\careercup</Filter>
    </ClInclude>
    <ClInclude Include="careercup\PersonOrder.h">
      <Filter>Header Files\careercup</Filter>
    </ClInclude>
    <ClInclude Include="careercup\RearrangeNegativePositiveNumbers.h">
      <Filter>Header Files\careercup</Filter>
    </ClInclude>
    <ClInclude Include="careercup\CountTraingles.h">
      <Filter>Header Files\careercup</Filter>
    </ClInclude>
    <ClInclude Include="careercup\AnagramSubstringSearch.h">
      <Filter>Header Files\careercup</Filter>
    </ClInclude>
    <ClInclude Include="careercup\FindMaxSizeOfSubstring.h">
      <Filter>Header Files\careercup</Filter>
    </ClInclude>
    <ClInclude Include="careercup\PrintMatricDiag.h">
      <Filter>Header Files\careercup</Filter>
    </ClInclude>
    <ClInclude Include="careercup\MaxProductSubseq.h">
      <Filter>Header Files\careercup</Filter>
    </ClInclude>
    <ClInclude Include="careercup\ValuesGreaterThanN.h">
      <Filter>Header Files\careercup</Filter>
    </ClInclude>
    <ClInclude Include="careercup\TaskAssignment.h">
      <Filter>Header Files\careercup</Filter>
    </ClInclude>
    <ClInclude Include="careercup\FindOrdersInRange.h">
      <Filter>Header Files\careercup</Filter>
    </ClInclude>
    <ClInclude Include="careercup\TelephoneDirectory.h">
      <Filter>Header Files\careercup</Filter>
    </ClInclude>
    <ClInclude Include="careercup\FindRepeatingSubsequence.h">
      <Filter>Header Files\careercup</Filter>
    </ClInclude>
    <ClInclude Include="careercup\FoodDelievery.h">
      <Filter>Header Files\careercup</Filter>
    </ClInclude>
    <ClInclude Include="careercup\FindLongestSeqWithEqualCharsAndDigits.h">
      <Filter>Header Files\careercup</Filter>
    </ClInclude>
    <ClInclude Include="careercup\NameMapping.h">
      <Filter>Header Files\careercup</Filter>
    </ClInclude>
    <ClInclude Include="careercup\WordDistance.h">
      <Filter>Header Files\careercup</Filter>
    </ClInclude>
    <ClInclude Include="careercup\WordBreak.h">
      <Filter>Header Files\careercup</Filter>
    </ClInclude>
    <ClInclude Include="careercup\LongestWordMadeOfOthers.h">
      <Filter>Header Files\careercup</Filter>
    </ClInclude>
    <ClInclude Include="careercup\ShortestSubseqContainingSubarray.h">
      <Filter>Header Files\careercup</Filter>
    </ClInclude>
    <ClInclude Include="careercup\SquareSurroundedBy1s.h">
      <Filter>Header Files\careercup</Filter>
    </ClInclude>
    <ClInclude Include="careercup\LargestRectangleSum.h">
      <Filter>Header Files\careercup</Filter>
    </ClInclude>
    <ClInclude Include="careercup\DocumentSimilarity.h">
      <Filter>Header Files\careercup</Filter>
    </ClInclude>
    <ClInclude Include="careercup\Dijkastra.h">
      <Filter>Header Files\careercup</Filter>
    </ClInclude>
    <ClInclude Include="careercup\BellmanFord.h">
      <Filter>Header Files\careercup</Filter>
    </ClInclude>
    <ClInclude Include="careercup\MinimumSpanningTree.h">
      <Filter>Header Files\careercup</Filter>
    </ClInclude>
    <ClInclude Include="careercup\GraphColoring.h">
      <Filter>Header Files\careercup</Filter>
    </ClInclude>
    <ClInclude Include="misc\EmployeeCount.h">
      <Filter>Header Files\misc</Filter>
    </ClInclude>
    <ClInclude Include="misc\LRU.h">
      <Filter>Header Files\misc</Filter>
    </ClInclude>
    <ClInclude Include="matrix\FindCommonElement.h">
      <Filter>Header Files\matrix</Filter>
    </ClInclude>
    <ClInclude Include="gkg\InversionCount.h">
      <Filter>Header Files\gkg</Filter>
    </ClInclude>
    <ClInclude Include="gkg\BinaryTreeViews.h">
      <Filter>Header Files\gkg</Filter>
    </ClInclude>
    <ClInclude Include="gkg\SwapKthNode.h">
      <Filter>Header Files\gkg</Filter>
    </ClInclude>
    <ClInclude Include="gkg\CelebrityProblem.h">
      <Filter>Header Files\gkg</Filter>
    </ClInclude>
    <ClInclude Include="gkg\SerializeDeserializeTree.h">
      <Filter>Header Files\gkg</Filter>
    </ClInclude>
    <ClInclude Include="gkg\RemoveLoop.h">
      <Filter>Header Files\gkg</Filter>
    </ClInclude>
    <ClInclude Include="gkg\WordBreak.h">
      <Filter>Header Files\gkg</Filter>
    </ClInclude>
    <ClInclude Include="gkg\HamCycle.h">
      <Filter>Header Files\gkg</Filter>
    </ClInclude>
    <ClInclude Include="gkg\RobotMovement.h">
      <Filter>Header Files\gkg</Filter>
    </ClInclude>
    <ClInclude Include="crackingcodinginterview\TicTacToe.h">
      <Filter>Header Files\crackingcodinginterview</Filter>
    </ClInclude>
    <ClInclude Include="gkg\NextHigherNumberWithSameBits.h">
      <Filter>Header Files\gkg</Filter>
    </ClInclude>
    <ClInclude Include="gkg\MaxProfitSellingAtMostTwice.h">
      <Filter>Header Files\gkg</Filter>
    </ClInclude>
    <ClInclude Include="gkg\ConflictingAppointments.h">
      <Filter>Header Files\gkg</Filter>
    </ClInclude>
    <ClInclude Include="gkg\ReverseEvenList.h">
      <Filter>Header Files\gkg</Filter>
    </ClInclude>
    <ClInclude Include="gkg\RegexMatch.h">
      <Filter>Header Files\gkg</Filter>
    </ClInclude>
    <ClInclude Include="gkg\CountInSortedArray.h">
      <Filter>Header Files\gkg</Filter>
    </ClInclude>
    <ClInclude Include="gkg\RearrangeList.h">
      <Filter>Header Files\gkg</Filter>
    </ClInclude>
    <ClInclude Include="gkg\AssignTaskToWorkers.h">
      <Filter>Header Files\gkg</Filter>
    </ClInclude>
    <ClInclude Include="gkg\MaxAreaRectangle.h">
      <Filter>Header Files\gkg</Filter>
    </ClInclude>
    <ClInclude Include="gkg\Powerset.h">
      <Filter>Header Files\gkg</Filter>
    </ClInclude>
    <ClInclude Include="gkg\PrintCoinsSumInOrder.h">
      <Filter>Header Files\gkg</Filter>
    </ClInclude>
    <ClInclude Include="gkg\StringToFloat.h">
      <Filter>Header Files\gkg</Filter>
    </ClInclude>
    <ClInclude Include="gkg\Print4Sum.h">
      <Filter>Header Files\gkg</Filter>
    </ClInclude>
    <ClInclude Include="gkg\FlattenBinaryTreeToLinkedList.h">
      <Filter>Header Files\gkg</Filter>
    </ClInclude>
    <ClInclude Include="gkg\NumberToAlphabetMapping.h">
      <Filter>Header Files\gkg</Filter>
    </ClInclude>
    <ClInclude Include="gkg\GeneratePattern.h">
      <Filter>Header Files\gkg</Filter>
    </ClInclude>
    <ClInclude Include="gkg\MaximumDropInArray.h">
      <Filter>Header Files\gkg</Filter>
    </ClInclude>
    <ClInclude Include="gkg\PrintStairs.h">
      <Filter>Header Files\gkg</Filter>
    </ClInclude>
    <ClInclude Include="gkg\AddBinary.h">
      <Filter>Header Files\gkg</Filter>
    </ClInclude>
    <ClInclude Include="gkg\PrintPerfectSquare.h">
      <Filter>Header Files\gkg</Filter>
    </ClInclude>
    <ClInclude Include="gkg\TaskSequence.h">
      <Filter>Header Files\gkg</Filter>
    </ClInclude>
    <ClInclude Include="gkg\MaximumSumSubseq.h">
      <Filter>Header Files\gkg</Filter>
    </ClInclude>
    <ClInclude Include="gkg\KthLargestElementInBST.h">
      <Filter>Header Files\gkg</Filter>
    </ClInclude>
    <ClInclude Include="gkg\FindPeriod.h">
      <Filter>Header Files\gkg</Filter>
    </ClInclude>
    <ClInclude Include="gkg\CheckPalin.h">
      <Filter>Header Files\gkg</Filter>
    </ClInclude>
    <ClInclude Include="gkg\SinkNodesinBinaryTree.h">
      <Filter>Header Files\gkg</Filter>
    </ClInclude>
    <ClInclude Include="gkg\Singleton.h">
      <Filter>Header Files\gkg</Filter>
    </ClInclude>
    <ClInclude Include="gkg\ObserverPattern.h">
      <Filter>Header Files\gkg</Filter>
    </ClInclude>
    <ClInclude Include="gkg\FindTwoOddNumbers.h">
      <Filter>Header Files\gkg</Filter>
    </ClInclude>
    <ClInclude Include="gkg\CheckIfTwoBSTsSameFromArr.h">
      <Filter>Header Files\gkg</Filter>
    </ClInclude>
    <ClInclude Include="gkg\MinimumAbsDiffIn3Arrays.h">
      <Filter>Header Files\gkg</Filter>
    </ClInclude>
    <ClInclude Include="gkg\TreeOffHeightsVsEvenHeightsDiff.h">
      <Filter>Header Files\gkg</Filter>
    </ClInclude>
    <ClInclude Include="gkg\PlaceArrayElementsByItsValue.h">
      <Filter>Header Files\gkg</Filter>
    </ClInclude>
    <ClInclude Include="maths\MultiplyWithoutMultiplicationOperator.h">
      <Filter>Header Files\maths</Filter>
    </ClInclude>
    <ClInclude Include="maths\FindElementInArray.h">
      <Filter>Header Files\array</Filter>
    </ClInclude>
    <ClInclude Include="stack\MergeIntervals.h">
      <Filter>Header Files\stack</Filter>
    </ClInclude>
    <ClInclude Include="misc\RegexPatternMatching.h">
      <Filter>Header Files\misc</Filter>
    </ClInclude>
    <ClInclude Include="tree\ReplaceNodesValueWithSumOfGreaterNodes.h">
      <Filter>Header Files\tree</Filter>
    </ClInclude>
    <ClInclude Include="string\LongestWordMadeOfOthers.h">
      <Filter>Header Files\string</Filter>
    </ClInclude>
    <ClInclude Include="design\Minesweeper.h">
      <Filter>Header Files\design</Filter>
    </ClInclude>
    <ClInclude Include="facebook\MergeIntervalArrays.h">
      <Filter>Header Files\facebook</Filter>
    </ClInclude>
    <ClInclude Include="facebook\AddLinkedLists.h">
      <Filter>Header Files\facebook</Filter>
    </ClInclude>
    <ClInclude Include="facebook\GenerateSeq.h">
      <Filter>Header Files\facebook</Filter>
    </ClInclude>
    <ClInclude Include="facebook\TrieWildCardSearch.h">
      <Filter>Header Files\facebook</Filter>
    </ClInclude>
    <ClInclude Include="facebook\ShortestCycle.h">
      <Filter>Header Files\facebook</Filter>
    </ClInclude>
    <ClInclude Include="thread\PrintEvenOdd1.h">
      <Filter>Header Files\thread</Filter>
    </ClInclude>
    <ClInclude Include="recursion\Permute.h">
      <Filter>Header Files\recursion</Filter>
    </ClInclude>
    <ClInclude Include="string\PalindromeTransform.h">
      <Filter>Header Files\string</Filter>
    </ClInclude>
    <ClInclude Include="array\InversionCount.h">
      <Filter>Header Files\array</Filter>
    </ClInclude>
    <ClInclude Include="graph\InMemorySocialNetwork.h">
      <Filter>Header Files\graph</Filter>
    </ClInclude>
    <ClInclude Include="linkedlist\ReverseInGroups.h">
      <Filter>Header Files\linkedlist</Filter>
    </ClInclude>
    <ClInclude Include="matrix\UniquePaths.h">
      <Filter>Header Files\matrix</Filter>
    </ClInclude>
    <ClInclude Include="dynamic\MinimumBookSelfHeight.h">
      <Filter>Header Files\dynamic</Filter>
    </ClInclude>
    <ClInclude Include="stack\InfixToPostfix.h">
      <Filter>Header Files\stack</Filter>
    </ClInclude>
    <ClInclude Include="stack\KStack.h">
      <Filter>Header Files\stack</Filter>
    </ClInclude>
    <ClInclude Include="tree\ConstructTree.h">
      <Filter>Header Files\tree</Filter>
    </ClInclude>
    <ClInclude Include="misc\BidirectionalWordLadder.h">
      <Filter>Header Files\misc</Filter>
    </ClInclude>
    <ClInclude Include="misc\MinimizeSum.h">
      <Filter>Header Files\misc</Filter>
    </ClInclude>
    <ClInclude Include="bits\FindNumberOccursOnlyOnce.h">
      <Filter>Header Files\bits</Filter>
    </ClInclude>
    <ClInclude Include="misc\FindFirstUniqueUrl.h">
      <Filter>Header Files\misc</Filter>
    </ClInclude>
    <ClInclude Include="array\MinimumLengthSeq.h">
      <Filter>Header Files\array</Filter>
    </ClInclude>
    <ClInclude Include="string\MakePalinFromGivenWords.h">
      <Filter>Header Files\string</Filter>
    </ClInclude>
    <ClInclude Include="string\RegexMatch.h">
      <Filter>Header Files\string</Filter>
    </ClInclude>
    <ClInclude Include="recursion\GenerateCombinations.h">
      <Filter>Header Files\recursion</Filter>
    </ClInclude>
    <ClInclude Include="string\CheckRepeatedSubsequence.h">
      <Filter>Header Files\string</Filter>
    </ClInclude>
    <ClInclude Include="string\PatternMatch.h">
      <Filter>Header Files\string</Filter>
    </ClInclude>
    <ClInclude Include="string\CountPalindromes.h">
      <Filter>Header Files\string</Filter>
    </ClInclude>
    <ClInclude Include="tree\FlattenTree.h">
      <Filter>Header Files\tree</Filter>
    </ClInclude>
    <ClInclude Include="array\FindSurpasser.h">
      <Filter>Header Files\array</Filter>
    </ClInclude>
    <ClInclude Include="misc\Multimap.h">
      <Filter>Header Files\misc</Filter>
    </ClInclude>
    <ClInclude Include="array\CoinCombination.h">
      <Filter>Header Files\array</Filter>
    </ClInclude>
    <ClInclude Include="bits\NextHigherLowerNumber.h">
      <Filter>Header Files\bits</Filter>
    </ClInclude>
    <ClInclude Include="prettyprint.h">
      <Filter>Header Files</Filter>
    </ClInclude>
    <ClInclude Include="tree\PrintExtremeNodes.h">
      <Filter>Header Files\tree</Filter>
    </ClInclude>
    <ClInclude Include="tree\NearestLeafNode.h">
      <Filter>Header Files\tree</Filter>
    </ClInclude>
    <ClInclude Include="array\PrimeExtensible.h">
      <Filter>Header Files\array</Filter>
    </ClInclude>
    <ClInclude Include="array\LongestSeqOfZerosAndOnes.h">
      <Filter>Header Files\array</Filter>
    </ClInclude>
    <ClInclude Include="gkg\LRUCache.h">
      <Filter>Header Files\gkg</Filter>
    </ClInclude>
    <ClInclude Include="gkg\MRUCache.h">
      <Filter>Header Files\gkg</Filter>
    </ClInclude>
    <ClInclude Include="gkg\MaximumOfSubarraysOfSizeK.h">
      <Filter>Header Files\gkg</Filter>
    </ClInclude>
    <ClInclude Include="gkg\LongestSubarrayWithZeroSum.h">
      <Filter>Header Files\gkg</Filter>
    </ClInclude>
    <ClInclude Include="gkg\SumOfFourNumbers.h">
      <Filter>Header Files\gkg</Filter>
    </ClInclude>
    <ClInclude Include="careercup\FindNearestBike.h">
      <Filter>Header Files\careercup</Filter>
    </ClInclude>
    <ClInclude Include="careercup\ArrangeNumbersByTheirValue.h">
      <Filter>Header Files\careercup</Filter>
    </ClInclude>
    <ClInclude Include="gkg\ShortestDistanceAndSpanningTreeAlgorithms.h">
      <Filter>Header Files\gkg</Filter>
    </ClInclude>
    <ClInclude Include="gkg\HuffmanEncodingDecoding.h">
      <Filter>Header Files\gkg</Filter>
    </ClInclude>
    <ClInclude Include="gkg\AllSort.h">
      <Filter>Header Files\gkg</Filter>
    </ClInclude>
    <ClInclude Include="gkg\FindKClosestPoints.h">
      <Filter>Header Files\gkg</Filter>
    </ClInclude>
    <ClInclude Include="gkg\MergeSortDoublyLinkedList.h">
      <Filter>Header Files\gkg</Filter>
    </ClInclude>
    <ClInclude Include="gkg\MinPlatforms.h">
      <Filter>Header Files\gkg</Filter>
    </ClInclude>
    <ClInclude Include="gkg\UglyNumber.h">
      <Filter>Header Files\gkg</Filter>
    </ClInclude>
    <ClInclude Include="gkg\LongestPalinSubseq.h">
      <Filter>Header Files\gkg</Filter>
    </ClInclude>
    <ClInclude Include="gkg\Knapsack.h">
      <Filter>Header Files\gkg</Filter>
    </ClInclude>
    <ClInclude Include="gkg\Permute.h">
      <Filter>Header Files\gkg</Filter>
    </ClInclude>
    <ClInclude Include="gkg\ExcelColumn.h">
      <Filter>Header Files\gkg</Filter>
    </ClInclude>
    <ClInclude Include="gkg\MinLexographicalStr.h">
      <Filter>Header Files\gkg</Filter>
    </ClInclude>
    <ClInclude Include="gkg\AddTwoNumbers.h">
      <Filter>Header Files\gkg</Filter>
    </ClInclude>
    <ClInclude Include="gkg\InfixToPostfix.h">
      <Filter>Header Files\gkg</Filter>
    </ClInclude>
  </ItemGroup>
  <ItemGroup>
    <ClCompile Include="Main.cpp">
      <Filter>Source Files</Filter>
    </ClCompile>
    <ClCompile Include="graph\ValidTree.h">
      <Filter>Header Files\tree</Filter>
    </ClCompile>
  </ItemGroup>
</Project>